{
  "requires": true,
  "lockfileVersion": 1,
  "dependencies": {
    "angular-md5": {
      "version": "0.1.10",
      "resolved": "https://registry.npmjs.org/angular-md5/-/angular-md5-0.1.10.tgz",
      "integrity": "sha1-fLbH1cHQQB/+mHGhF4SfA8LMSGM="
    },
    "angularjs-oauth2": {
      "version": "1.2.1",
      "resolved": "https://registry.npmjs.org/angularjs-oauth2/-/angularjs-oauth2-1.2.1.tgz",
      "integrity": "sha1-rYSp28DWRxx/Dop7Qk0FBZK6nIs=",
      "requires": {
        "angular-md5": "0.1.10"
      }
    }
  }
}
